{
  "requires": true,
  "lockfileVersion": 1,
  "dependencies": {
    "ansi-font": {
      "version": "0.0.2",
      "resolved": "https://registry.npmjs.org/ansi-font/-/ansi-font-0.0.2.tgz",
      "integrity": "sha1-iQMBvVhBRi/TnAt3Ca/R9SUUMzE="
    },
    "commonjs": {
      "version": "0.0.1",
      "resolved": "https://registry.npmjs.org/commonjs/-/commonjs-0.0.1.tgz",
      "integrity": "sha1-ZcUx3P9lZcp8ld38lmIricwClNU=",
      "requires": {
        "system": ">=0.0.1",
        "test": ">=0.0.5"
      }
    },
    "complex.js": {
      "version": "2.0.11",
      "resolved": "https://registry.npmjs.org/complex.js/-/complex.js-2.0.11.tgz",
      "integrity": "sha512-6IArJLApNtdg1P1dFtn3dnyzoZBEF0MwMnrfF1exSBRpZYoy4yieMkpZhQDC0uwctw48vii0CFVyHfpgZ/DfGw=="
    },
    "decimal.js": {
      "version": "10.0.1",
      "resolved": "https://registry.npmjs.org/decimal.js/-/decimal.js-10.0.1.tgz",
      "integrity": "sha512-vklWB5C4Cj423xnaOtsUmAv0/7GqlXIgDv2ZKDyR64OV3OSzGHNx2mk4p/1EKnB5s70k73cIOOEcG9YzF0q4Lw=="
    },
    "escape-latex": {
      "version": "1.1.0",
      "resolved": "https://registry.npmjs.org/escape-latex/-/escape-latex-1.1.0.tgz",
      "integrity": "sha512-7k372jNDrL8uW7P/Sw8IkF+QcaeGoyjzrLx4pJj/CSIe02CvxL1wUJ+qMVVHsna/jNZ6PD6aCo7iEeRnXTzvdw=="
    },
    "fraction.js": {
      "version": "4.0.8",
      "resolved": "https://registry.npmjs.org/fraction.js/-/fraction.js-4.0.8.tgz",
      "integrity": "sha512-8Jx2AkFIFQtFaF8wP7yUIW+lnCgzPbxsholryMZ+oPK6kKjY/nUrvMKtq1+A8aSAeFau7+G/zfO8aGk2Aw1wCA=="
    },
    "javascript-natural-sort": {
      "version": "0.7.1",
      "resolved": "https://registry.npmjs.org/javascript-natural-sort/-/javascript-natural-sort-0.7.1.tgz",
      "integrity": "sha1-+eIwPUUH9tdDVac2ZNFED7Wg71k="
    },
    "mathjs": {
      "version": "5.0.2",
      "resolved": "https://registry.npmjs.org/mathjs/-/mathjs-5.0.2.tgz",
      "integrity": "sha512-/gHM2xNfaNwLePmFWOSOPX7J2slUdmkZKs7Ae5onTnfqtyIenSo0F4aAA0P7l59NmpwEUHgpDBdAD/fq9NrQ/w==",
      "requires": {
        "complex.js": "2.0.11",
        "decimal.js": "10.0.1",
        "escape-latex": "1.1.0",
        "fraction.js": "4.0.8",
        "javascript-natural-sort": "0.7.1",
        "seed-random": "2.2.0",
        "tiny-emitter": "2.0.2",
        "typed-function": "1.0.4"
      }
    },
    "seed-random": {
      "version": "2.2.0",
      "resolved": "https://registry.npmjs.org/seed-random/-/seed-random-2.2.0.tgz",
      "integrity": "sha1-KpsZ4lCoFwmSMaW5mk2vgLf77VQ="
    },
    "system": {
      "version": "2.0.1",
      "resolved": "https://registry.npmjs.org/system/-/system-2.0.1.tgz",
      "integrity": "sha512-BwSUSa8LMHZouGadZ34ck3TsrH5s3oMmTKPK+xHdbBnTCZOZMJ38fHGKLAHkBl0PXru1Z4BsymQU4qqvTxWzdQ=="
    },
    "test": {
      "version": "0.6.0",
      "resolved": "https://registry.npmjs.org/test/-/test-0.6.0.tgz",
      "integrity": "sha1-WYasRF7Bd1QyJRLRBLoyyKY+k44=",
      "requires": {
        "ansi-font": "0.0.2"
      }
    },
    "tiny-emitter": {
      "version": "2.0.2",
      "resolved": "https://registry.npmjs.org/tiny-emitter/-/tiny-emitter-2.0.2.tgz",
      "integrity": "sha512-2NM0auVBGft5tee/OxP4PI3d8WItkDM+fPnaRAVo6xTDI2knbz9eC5ArWGqtGlYqiH3RU5yMpdyTTO7MguC4ow=="
    },
    "typed-function": {
      "version": "1.0.4",
      "resolved": "https://registry.npmjs.org/typed-function/-/typed-function-1.0.4.tgz",
      "integrity": "sha512-G85BDe07dC/JgOaxfnJ0RomuDKuon797UEgF50G0zMmZ7tay/fbJxusuFJz5s0ZUrvx2z7uaDvZD5KavqJbKKw=="
    }
  }
}
